
Microsoft Visual Studio Solution File, Format Version 12.00
# Visual Studio Version 17
VisualStudioVersion = 17.0.31717.71
MinimumVisualStudioVersion = 10.0.40219.1
Project("{9A19103F-16F7-4668-BE54-9A1E7A4F7556}") = "WindowsExporter", "WindowsExporter\WindowsExporter.csproj", "{FA6805EB-8447-45E8-92E6-3936D29DF889}"
EndProject
Global
	GlobalSection(SolutionConfigurationPlatforms) = preSolution
		Debug|Any CPU = Debug|Any CPU
		Release|Any CPU = Release|Any CPU
	EndGlobalSection
	GlobalSection(ProjectConfigurationPlatforms) = postSolution
		{FA6805EB-8447-45E8-92E6-3936D29DF889}.Debug|Any CPU.ActiveCfg = Debug|Any CPU
		{FA6805EB-8447-45E8-92E6-3936D29DF889}.Debug|Any CPU.Build.0 = Debug|Any CPU
		{FA6805EB-8447-45E8-92E6-3936D29DF889}.Release|Any CPU.ActiveCfg = Release|Any CPU
		{FA6805EB-8447-45E8-92E6-3936D29DF889}.Release|Any CPU.Build.0 = Release|Any CPU
	EndGlobalSection
	GlobalSection(SolutionProperties) = preSolution
		HideSolutionNode = FALSE
	EndGlobalSection
	GlobalSection(ExtensibilityGlobals) = postSolution
		SolutionGuid = {6B3D5ACB-8A22-4C0F-8655-FF38DF149F95}
	EndGlobalSection
EndGlobal
